
Microsoft Visual Studio Solution File, Format Version 12.00
# Visual Studio Version 17
VisualStudioVersion = 17.10.34916.146
MinimumVisualStudioVersion = 10.0.40219.1
Project("{FAE04EC0-301F-11D3-BF4B-00C04F79EFBC}") = "project", "project.csproj", "{82C05668-E15D-44F9-8165-3BFF3A1F4C52}"
EndProject
Global
	GlobalSection(SolutionConfigurationPlatforms) = preSolution
		Debug|Any CPU = Debug|Any CPU
		Release|Any CPU = Release|Any CPU
	EndGlobalSection
	GlobalSection(ProjectConfigurationPlatforms) = postSolution
		{82C05668-E15D-44F9-8165-3BFF3A1F4C52}.Debug|Any CPU.ActiveCfg = Debug|Any CPU
		{82C05668-E15D-44F9-8165-3BFF3A1F4C52}.Debug|Any CPU.Build.0 = Debug|Any CPU
		{82C05668-E15D-44F9-8165-3BFF3A1F4C52}.Release|Any CPU.ActiveCfg = Release|Any CPU
		{82C05668-E15D-44F9-8165-3BFF3A1F4C52}.Release|Any CPU.Build.0 = Release|Any CPU
	EndGlobalSection
	GlobalSection(SolutionProperties) = preSolution
		HideSolutionNode = FALSE
	EndGlobalSection
	GlobalSection(ExtensibilityGlobals) = postSolution
		SolutionGuid = {53EBDA9F-DB10-41D5-AC45-DD41E0A263FB}
	EndGlobalSection
EndGlobal
